# THIS IS AN AUTOGENERATED FILE. DO NOT EDIT THIS FILE DIRECTLY.
# yarn lockfile v1


"@sentry/core@6.2.2":
  version "6.2.2"
  resolved "https://registry.yarnpkg.com/@sentry/core/-/core-6.2.2.tgz#ec86b5769f8855f43cb58e839f81f87074ec9a3f"
  integrity sha512-qqWbvvXtymfXh7N5eEvk97MCnMURuyFIgqWdVD4MQM6yIfDCy36CyGfuQ3ViHTLZGdIfEOhLL9/f4kzf1RzqBA==
  dependencies:
    "@sentry/hub" "6.2.2"
    "@sentry/minimal" "6.2.2"
    "@sentry/types" "6.2.2"
    "@sentry/utils" "6.2.2"
    tslib "^1.9.3"

"@sentry/hub@6.2.2":
  version "6.2.2"
  resolved "https://registry.yarnpkg.com/@sentry/hub/-/hub-6.2.2.tgz#f451d8d3ad207e81556b4846d810226693e0444e"
  integrity sha512-VR6uQGRYt6RP633FHShlSLj0LUKGVrlTeSlwCoooWM5FR9lmi6akAaweuxpG78/kZvXrAWpjX6/nuYwHKGwzGA==
  dependencies:
    "@sentry/types" "6.2.2"
    "@sentry/utils" "6.2.2"
    tslib "^1.9.3"

"@sentry/minimal@6.2.2":
  version "6.2.2"
  resolved "https://registry.yarnpkg.com/@sentry/minimal/-/minimal-6.2.2.tgz#01f41e0a6a6a2becfc99f6bb6f9c4bddf54f8dae"
  integrity sha512-l0IgoGQgg1lTd4qDU8bQn25sbZBg8PwIHfuTLbGMlRr1flDXHOM1UXajWK/UKbAPelnU7M2JBSVzgl7PwjprzA==
  dependencies:
    "@sentry/hub" "6.2.2"
    "@sentry/types" "6.2.2"
    tslib "^1.9.3"

"@sentry/node@^6.2.2":
  version "6.2.2"
  resolved "https://registry.yarnpkg.com/@sentry/node/-/node-6.2.2.tgz#f3bfd9cfd12a1776e4be9c372e9ba2b7199f0064"
  integrity sha512-HmQJx3C2C8cj3oC9piFuXJ7NzM+jW15u4RKcRXxJUgHNbZPR/RsScOOi5TbNZAO4k3A8fSJQD8aPj+dbPx/j/Q==
  dependencies:
    "@sentry/core" "6.2.2"
    "@sentry/hub" "6.2.2"
    "@sentry/tracing" "6.2.2"
    "@sentry/types" "6.2.2"
    "@sentry/utils" "6.2.2"
    cookie "^0.4.1"
    https-proxy-agent "^5.0.0"
    lru_map "^0.3.3"
    tslib "^1.9.3"

"@sentry/tracing@6.2.2", "@sentry/tracing@^6.2.2":
  version "6.2.2"
  resolved "https://registry.yarnpkg.com/@sentry/tracing/-/tracing-6.2.2.tgz#77097fb1dad7e8ad6ccd93c57b1ef5fa85219099"
  integrity sha512-mAkPoqtofNfka/u9rOVVDQPaEoTmr0AQh654g9ZqsaqsOJLKjB4FDLVNubWs90fjeKqHiYkI3ZHPak2TzHBPkw==
  dependencies:
    "@sentry/hub" "6.2.2"
    "@sentry/minimal" "6.2.2"
    "@sentry/types" "6.2.2"
    "@sentry/utils" "6.2.2"
    tslib "^1.9.3"

"@sentry/types@6.2.2":
  version "6.2.2"
  resolved "https://registry.yarnpkg.com/@sentry/types/-/types-6.2.2.tgz#9fc7795156680d3da5fc6ecc66702d8f7917f2b1"
  integrity sha512-Y/1sRtw3a5JU4YdNBig8lLSVJ1UdYtuge+QP1CVLcLSAbq07Ok1bvF+Z+BlNcnHqle2Fl8aKuryG5Yu86enOyQ==

"@sentry/utils@6.2.2":
  version "6.2.2"
  resolved "https://registry.yarnpkg.com/@sentry/utils/-/utils-6.2.2.tgz#69f7151db74e65a010cec062cc9ab3e30bf2c80a"
  integrity sha512-qaee6X6VDNZ8HeO83/veaKw0KuhDE7j1R+Yryme3PywFzsoTzutDrEQjb7gvcHAhBaAYX8IHUBHgxcFI9BxI+w==
  dependencies:
    "@sentry/types" "6.2.2"
    tslib "^1.9.3"

agent-base@6:
  version "6.0.2"
  resolved "https://registry.yarnpkg.com/agent-base/-/agent-base-6.0.2.tgz#49fff58577cfee3f37176feab4c22e00f86d7f77"
  integrity sha512-RZNwNclF7+MS/8bDg70amg32dyeZGZxiDuQmZxKLAlQjr3jGyLx+4Kkk58UO7D2QdgFIQCovuSuZESne6RG6XQ==
  dependencies:
    debug "4"

cookie@^0.4.1:
  version "0.4.1"
  resolved "https://registry.yarnpkg.com/cookie/-/cookie-0.4.1.tgz#afd713fe26ebd21ba95ceb61f9a8116e50a537d1"
  integrity sha512-ZwrFkGJxUR3EIoXtO+yVE69Eb7KlixbaeAWfBQB9vVsNn/o+Yw69gBWSSDK825hQNdN+wF8zELf3dFNl/kxkUA==

debug@4:
  version "4.3.1"
  resolved "https://registry.yarnpkg.com/debug/-/debug-4.3.1.tgz#f0d229c505e0c6d8c49ac553d1b13dc183f6b2ee"
  integrity sha512-doEwdvm4PCeK4K3RQN2ZC2BYUBaxwLARCqZmMjtF8a51J2Rb0xpVloFRnCODwqjpwnAoao4pelN8l3RJdv3gRQ==
  dependencies:
    ms "2.1.2"

https-proxy-agent@^5.0.0:
  version "5.0.0"
  resolved "https://registry.yarnpkg.com/https-proxy-agent/-/https-proxy-agent-5.0.0.tgz#e2a90542abb68a762e0a0850f6c9edadfd8506b2"
  integrity sha512-EkYm5BcKUGiduxzSt3Eppko+PiNWNEpa4ySk9vTC6wDsQJW9rHSa+UhGNJoRYp7bz6Ht1eaRIa6QaJqO5rCFbA==
  dependencies:
    agent-base "6"
    debug "4"

lru_map@^0.3.3:
  version "0.3.3"
  resolved "https://registry.yarnpkg.com/lru_map/-/lru_map-0.3.3.tgz#b5c8351b9464cbd750335a79650a0ec0e56118dd"
  integrity sha1-tcg1G5Rky9dQM1p5ZQoOwOVhGN0=

ms@2.1.2:
  version "2.1.2"
  resolved "https://registry.yarnpkg.com/ms/-/ms-2.1.2.tgz#d09d1f357b443f493382a8eb3ccd183872ae6009"
  integrity sha512-sGkPx+VjMtmA6MX27oA4FBFELFCZZ4S4XqeGOXCv68tT+jb3vk/RyaKWP0PTKyWtmLSM0b+adUTEvbs1PEaH2w==

tslib@^1.9.3:
  version "1.14.1"
  resolved "https://registry.yarnpkg.com/tslib/-/tslib-1.14.1.tgz#cf2d38bdc34a134bcaf1091c41f6619e2f672d00"
  integrity sha512-Xni35NKzjgMrwevysHTCArtLDpPvye8zV/0E4EyYn43P7/7qvQwPh9BGkHewbMulVntbigmcT7rdX3BNo9wRJg==
